
Microsoft Visual Studio Solution File, Format Version 12.00
# Visual Studio Version 17
VisualStudioVersion = 17.4.33205.214
MinimumVisualStudioVersion = 10.0.40219.1
Project("{FAE04EC0-301F-11D3-BF4B-00C04F79EFBC}") = "ChrisNerdEmoji", "ChrisNerdEmoji\ChrisNerdEmoji.csproj", "{74646AD1-B987-4615-B9C4-F3E02700E205}"
EndProject
Global
	GlobalSection(SolutionConfigurationPlatforms) = preSolution
		Debug|Any CPU = Debug|Any CPU
		Release|Any CPU = Release|Any CPU
	EndGlobalSection
	GlobalSection(ProjectConfigurationPlatforms) = postSolution
		{74646AD1-B987-4615-B9C4-F3E02700E205}.Debug|Any CPU.ActiveCfg = Debug|Any CPU
		{74646AD1-B987-4615-B9C4-F3E02700E205}.Debug|Any CPU.Build.0 = Debug|Any CPU
		{74646AD1-B987-4615-B9C4-F3E02700E205}.Release|Any CPU.ActiveCfg = Release|Any CPU
		{74646AD1-B987-4615-B9C4-F3E02700E205}.Release|Any CPU.Build.0 = Release|Any CPU
	EndGlobalSection
	GlobalSection(SolutionProperties) = preSolution
		HideSolutionNode = FALSE
	EndGlobalSection
	GlobalSection(ExtensibilityGlobals) = postSolution
		SolutionGuid = {C83C822B-FC51-4A26-9847-97D1D4D48EAB}
	EndGlobalSection
EndGlobal
